
Microsoft Visual Studio Solution File, Format Version 12.00
# Visual Studio Version 17
VisualStudioVersion = 17.0.31903.59
MinimumVisualStudioVersion = 10.0.40219.1
Project("{2150E333-8FDC-42A3-9474-1A3956D46DE8}") = "src", "src", "{0F6FDFA6-36E3-4B9C-9380-05A145A134ED}"
EndProject
Project("{FAE04EC0-301F-11D3-BF4B-00C04F79EFBC}") = "PendriveRescue.Domain", "src\PendriveRescue.Domain\PendriveRescue.Domain.csproj", "{144DF7A4-FFCC-4A44-8CEC-B33B8E282B2F}"
EndProject
Project("{FAE04EC0-301F-11D3-BF4B-00C04F79EFBC}") = "PendriveRescue.Application", "src\PendriveRescue.Application\PendriveRescue.Application.csproj", "{9B838300-29E3-4633-BA21-8F11D97B8455}"
EndProject
Project("{FAE04EC0-301F-11D3-BF4B-00C04F79EFBC}") = "PendriveRescue.Infrastructure", "src\PendriveRescue.Infrastructure\PendriveRescue.Infrastructure.csproj", "{0CF6BCD2-01AE-4F89-8062-DEF5499A05D8}"
EndProject
Project("{FAE04EC0-301F-11D3-BF4B-00C04F79EFBC}") = "PendriveRescue.App", "src\PendriveRescue.App\PendriveRescue.App.csproj", "{6DE99E22-8B8A-4D30-A174-6424B690C3F8}"
EndProject
Project("{2150E333-8FDC-42A3-9474-1A3956D46DE8}") = "tests", "tests", "{1D2FBD98-F352-4478-9F4E-60F68388DF55}"
EndProject
Project("{FAE04EC0-301F-11D3-BF4B-00C04F79EFBC}") = "PendriveRescue.Tests", "tests\PendriveRescue.Tests\PendriveRescue.Tests.csproj", "{69DC4989-F6D2-40C5-8238-B286D9AFEF8F}"
EndProject
Global
	GlobalSection(SolutionConfigurationPlatforms) = preSolution
		Debug|Any CPU = Debug|Any CPU
		Release|Any CPU = Release|Any CPU
	EndGlobalSection
	GlobalSection(SolutionProperties) = preSolution
		HideSolutionNode = FALSE
	EndGlobalSection
	GlobalSection(ProjectConfigurationPlatforms) = postSolution
		{144DF7A4-FFCC-4A44-8CEC-B33B8E282B2F}.Debug|Any CPU.ActiveCfg = Debug|Any CPU
		{144DF7A4-FFCC-4A44-8CEC-B33B8E282B2F}.Debug|Any CPU.Build.0 = Debug|Any CPU
		{144DF7A4-FFCC-4A44-8CEC-B33B8E282B2F}.Release|Any CPU.ActiveCfg = Release|Any CPU
		{144DF7A4-FFCC-4A44-8CEC-B33B8E282B2F}.Release|Any CPU.Build.0 = Release|Any CPU
		{9B838300-29E3-4633-BA21-8F11D97B8455}.Debug|Any CPU.ActiveCfg = Debug|Any CPU
		{9B838300-29E3-4633-BA21-8F11D97B8455}.Debug|Any CPU.Build.0 = Debug|Any CPU
		{9B838300-29E3-4633-BA21-8F11D97B8455}.Release|Any CPU.ActiveCfg = Release|Any CPU
		{9B838300-29E3-4633-BA21-8F11D97B8455}.Release|Any CPU.Build.0 = Release|Any CPU
		{0CF6BCD2-01AE-4F89-8062-DEF5499A05D8}.Debug|Any CPU.ActiveCfg = Debug|Any CPU
		{0CF6BCD2-01AE-4F89-8062-DEF5499A05D8}.Debug|Any CPU.Build.0 = Debug|Any CPU
		{0CF6BCD2-01AE-4F89-8062-DEF5499A05D8}.Release|Any CPU.ActiveCfg = Release|Any CPU
		{0CF6BCD2-01AE-4F89-8062-DEF5499A05D8}.Release|Any CPU.Build.0 = Release|Any CPU
		{6DE99E22-8B8A-4D30-A174-6424B690C3F8}.Debug|Any CPU.ActiveCfg = Debug|Any CPU
		{6DE99E22-8B8A-4D30-A174-6424B690C3F8}.Debug|Any CPU.Build.0 = Debug|Any CPU
		{6DE99E22-8B8A-4D30-A174-6424B690C3F8}.Release|Any CPU.ActiveCfg = Release|Any CPU
		{6DE99E22-8B8A-4D30-A174-6424B690C3F8}.Release|Any CPU.Build.0 = Release|Any CPU
		{69DC4989-F6D2-40C5-8238-B286D9AFEF8F}.Debug|Any CPU.ActiveCfg = Debug|Any CPU
		{69DC4989-F6D2-40C5-8238-B286D9AFEF8F}.Debug|Any CPU.Build.0 = Debug|Any CPU
		{69DC4989-F6D2-40C5-8238-B286D9AFEF8F}.Release|Any CPU.ActiveCfg = Release|Any CPU
		{69DC4989-F6D2-40C5-8238-B286D9AFEF8F}.Release|Any CPU.Build.0 = Release|Any CPU
	EndGlobalSection
	GlobalSection(NestedProjects) = preSolution
		{144DF7A4-FFCC-4A44-8CEC-B33B8E282B2F} = {0F6FDFA6-36E3-4B9C-9380-05A145A134ED}
		{9B838300-29E3-4633-BA21-8F11D97B8455} = {0F6FDFA6-36E3-4B9C-9380-05A145A134ED}
		{0CF6BCD2-01AE-4F89-8062-DEF5499A05D8} = {0F6FDFA6-36E3-4B9C-9380-05A145A134ED}
		{6DE99E22-8B8A-4D30-A174-6424B690C3F8} = {0F6FDFA6-36E3-4B9C-9380-05A145A134ED}
		{69DC4989-F6D2-40C5-8238-B286D9AFEF8F} = {1D2FBD98-F352-4478-9F4E-60F68388DF55}
	EndGlobalSection
EndGlobal
